// !$*UTF8*$!
{
	archiveVersion = 1;
	classes = {
	};
	objectVersion = 46;
	objects = {

/* Begin PBXBuildFile section */
		207F10EB1AB0D999006A8129 /* AppDelegate.swift in Sources */ = {isa = PBXBuildFile; fileRef = 207F10EA1AB0D999006A8129 /* AppDelegate.swift */; };
		207F10ED1AB0D999006A8129 /* ViewController.swift in Sources */ = {isa = PBXBuildFile; fileRef = 207F10EC1AB0D999006A8129 /* ViewController.swift */; };
		207F10F01AB0D999006A8129 /* Main.storyboard in Resources */ = {isa = PBXBuildFile; fileRef = 207F10EE1AB0D999006A8129 /* Main.storyboard */; };
		207F10F21AB0D999006A8129 /* Images.xcassets in Resources */ = {isa = PBXBuildFile; fileRef = 207F10F11AB0D999006A8129 /* Images.xcassets */; };
		207F10F51AB0D999006A8129 /* LaunchScreen.xib in Resources */ = {isa = PBXBuildFile; fileRef = 207F10F31AB0D999006A8129 /* LaunchScreen.xib */; };
		207F11011AB0D99A006A8129 /* Fruit_DetectorTests.swift in Sources */ = {isa = PBXBuildFile; fileRef = 207F11001AB0D99A006A8129 /* Fruit_DetectorTests.swift */; };
		207F110C1AB0DC63006A8129 /* apple.png in Resources */ = {isa = PBXBuildFile; fileRef = 207F110A1AB0DC63006A8129 /* apple.png */; };
		207F110D1AB0DC63006A8129 /* orange.png in Resources */ = {isa = PBXBuildFile; fileRef = 207F110B1AB0DC63006A8129 /* orange.png */; };
		207F11111AB0DED6006A8129 /* libicucore.dylib in Frameworks */ = {isa = PBXBuildFile; fileRef = 207F11101AB0DED6006A8129 /* libicucore.dylib */; };
		207F11131AB0DEDD006A8129 /* libc++.dylib in Frameworks */ = {isa = PBXBuildFile; fileRef = 207F11121AB0DEDD006A8129 /* libc++.dylib */; };
		207F11151AB0DEE4006A8129 /* CFNetwork.framework in Frameworks */ = {isa = PBXBuildFile; fileRef = 207F11141AB0DEE4006A8129 /* CFNetwork.framework */; };
		207F11171AB0DEEA006A8129 /* Security.framework in Frameworks */ = {isa = PBXBuildFile; fileRef = 207F11161AB0DEEA006A8129 /* Security.framework */; };
		207F11191AB0DEF0006A8129 /* SystemConfiguration.framework in Frameworks */ = {isa = PBXBuildFile; fileRef = 207F11181AB0DEF0006A8129 /* SystemConfiguration.framework */; };
		207F111E1AB0E03E006A8129 /* Firebase.framework in Frameworks */ = {isa = PBXBuildFile; fileRef = 207F111D1AB0E03E006A8129 /* Firebase.framework */; };
		20D2959F1AB158BC002B08ED /* ic_stop.png in Resources */ = {isa = PBXBuildFile; fileRef = 20D2959E1AB158BC002B08ED /* ic_stop.png */; };
/* End PBXBuildFile section */

/* Begin PBXContainerItemProxy section */
		207F10FB1AB0D999006A8129 /* PBXContainerItemProxy */ = {
			isa = PBXContainerItemProxy;
			containerPortal = 207F10DD1AB0D999006A8129 /* Project object */;
			proxyType = 1;
			remoteGlobalIDString = 207F10E41AB0D999006A8129;
			remoteInfo = "Fruit Detector";
		};
/* End PBXContainerItemProxy section */

/* Begin PBXFileReference section */
		207F10E51AB0D999006A8129 /* Fruit Detector.app */ = {isa = PBXFileReference; explicitFileType = wrapper.application; includeInIndex = 0; path = "Fruit Detector.app"; sourceTree = BUILT_PRODUCTS_DIR; };
		207F10E91AB0D999006A8129 /* Info.plist */ = {isa = PBXFileReference; lastKnownFileType = text.plist.xml; path = Info.plist; sourceTree = "<group>"; };
		207F10EA1AB0D999006A8129 /* AppDelegate.swift */ = {isa = PBXFileReference; lastKnownFileType = sourcecode.swift; path = AppDelegate.swift; sourceTree = "<group>"; };
		207F10EC1AB0D999006A8129 /* ViewController.swift */ = {isa = PBXFileReference; lastKnownFileType = sourcecode.swift; path = ViewController.swift; sourceTree = "<group>"; };
		207F10EF1AB0D999006A8129 /* Base */ = {isa = PBXFileReference; lastKnownFileType = file.storyboard; name = Base; path = Base.lproj/Main.storyboard; sourceTree = "<group>"; };
		207F10F11AB0D999006A8129 /* Images.xcassets */ = {isa = PBXFileReference; lastKnownFileType = folder.assetcatalog; path = Images.xcassets; sourceTree = "<group>"; };
		207F10F41AB0D999006A8129 /* Base */ = {isa = PBXFileReference; lastKnownFileType = file.xib; name = Base; path = Base.lproj/LaunchScreen.xib; sourceTree = "<group>"; };
		207F10FA1AB0D999006A8129 /* Fruit DetectorTests.xctest */ = {isa = PBXFileReference; explicitFileType = wrapper.cfbundle; includeInIndex = 0; path = "Fruit DetectorTests.xctest"; sourceTree = BUILT_PRODUCTS_DIR; };
		207F10FF1AB0D999006A8129 /* Info.plist */ = {isa = PBXFileReference; lastKnownFileType = text.plist.xml; path = Info.plist; sourceTree = "<group>"; };
		207F11001AB0D99A006A8129 /* Fruit_DetectorTests.swift */ = {isa = PBXFileReference; lastKnownFileType = sourcecode.swift; path = Fruit_DetectorTests.swift; sourceTree = "<group>"; };
		207F110A1AB0DC63006A8129 /* apple.png */ = {isa = PBXFileReference; lastKnownFileType = image.png; name = apple.png; path = Images.xcassets/apple.png; sourceTree = "<group>"; };
		207F110B1AB0DC63006A8129 /* orange.png */ = {isa = PBXFileReference; lastKnownFileType = image.png; name = orange.png; path = Images.xcassets/orange.png; sourceTree = "<group>"; };
		207F11101AB0DED6006A8129 /* libicucore.dylib */ = {isa = PBXFileReference; lastKnownFileType = "compiled.mach-o.dylib"; name = libicucore.dylib; path = usr/lib/libicucore.dylib; sourceTree = SDKROOT; };
		207F11121AB0DEDD006A8129 /* libc++.dylib */ = {isa = PBXFileReference; lastKnownFileType = "compiled.mach-o.dylib"; name = "libc++.dylib"; path = "usr/lib/libc++.dylib"; sourceTree = SDKROOT; };
		207F11141AB0DEE4006A8129 /* CFNetwork.framework */ = {isa = PBXFileReference; lastKnownFileType = wrapper.framework; name = CFNetwork.framework; path = System/Library/Frameworks/CFNetwork.framework; sourceTree = SDKROOT; };
		207F11161AB0DEEA006A8129 /* Security.framework */ = {isa = PBXFileReference; lastKnownFileType = wrapper.framework; name = Security.framework; path = System/Library/Frameworks/Security.framework; sourceTree = SDKROOT; };
		207F11181AB0DEF0006A8129 /* SystemConfiguration.framework */ = {isa = PBXFileReference; lastKnownFileType = wrapper.framework; name = SystemConfiguration.framework; path = System/Library/Frameworks/SystemConfiguration.framework; sourceTree = SDKROOT; };
		207F111A1AB0DF7B006A8129 /* Fruit Detector-Bridging-Header.h */ = {isa = PBXFileReference; lastKnownFileType = sourcecode.c.h; path = "Fruit Detector-Bridging-Header.h"; sourceTree = "<group>"; };
		207F111D1AB0E03E006A8129 /* Firebase.framework */ = {isa = PBXFileReference; lastKnownFileType = wrapper.framework; name = Firebase.framework; path = ../../../../Downloads/Firebase.framework; sourceTree = "<group>"; };
		20D2959E1AB158BC002B08ED /* ic_stop.png */ = {isa = PBXFileReference; lastKnownFileType = image.png; name = ic_stop.png; path = "../../../android/app/src/main/res/drawable-hdpi/ic_stop.png"; sourceTree = "<group>"; };
/* End PBXFileReference section */

/* Begin PBXFrameworksBuildPhase section */
		207F10E21AB0D999006A8129 /* Frameworks */ = {
			isa = PBXFrameworksBuildPhase;
			buildActionMask = 2147483647;
			files = (
				207F11191AB0DEF0006A8129 /* SystemConfiguration.framework in Frameworks */,
				207F111E1AB0E03E006A8129 /* Firebase.framework in Frameworks */,
				207F11171AB0DEEA006A8129 /* Security.framework in Frameworks */,
				207F11151AB0DEE4006A8129 /* CFNetwork.framework in Frameworks */,
				207F11131AB0DEDD006A8129 /* libc++.dylib in Frameworks */,
				207F11111AB0DED6006A8129 /* libicucore.dylib in Frameworks */,
			);
			runOnlyForDeploymentPostprocessing = 0;
		};
		207F10F71AB0D999006A8129 /* Frameworks */ = {
			isa = PBXFrameworksBuildPhase;
			buildActionMask = 2147483647;
			files = (
			);
			runOnlyForDeploymentPostprocessing = 0;
		};
/* End PBXFrameworksBuildPhase section */

/* Begin PBXGroup section */
		207F10DC1AB0D999006A8129 = {
			isa = PBXGroup;
			children = (
				207F111D1AB0E03E006A8129 /* Firebase.framework */,
				207F11181AB0DEF0006A8129 /* SystemConfiguration.framework */,
				207F11161AB0DEEA006A8129 /* Security.framework */,
				207F11141AB0DEE4006A8129 /* CFNetwork.framework */,
				207F11121AB0DEDD006A8129 /* libc++.dylib */,
				207F11101AB0DED6006A8129 /* libicucore.dylib */,
				207F10E71AB0D999006A8129 /* Fruit Detector */,
				207F10FD1AB0D999006A8129 /* Fruit DetectorTests */,
				207F10E61AB0D999006A8129 /* Products */,
				207F111A1AB0DF7B006A8129 /* Fruit Detector-Bridging-Header.h */,
			);
			sourceTree = "<group>";
		};
		207F10E61AB0D999006A8129 /* Products */ = {
			isa = PBXGroup;
			children = (
				207F10E51AB0D999006A8129 /* Fruit Detector.app */,
				207F10FA1AB0D999006A8129 /* Fruit DetectorTests.xctest */,
			);
			name = Products;
			sourceTree = "<group>";
		};
		207F10E71AB0D999006A8129 /* Fruit Detector */ = {
			isa = PBXGroup;
			children = (
				207F10EA1AB0D999006A8129 /* AppDelegate.swift */,
				207F10EC1AB0D999006A8129 /* ViewController.swift */,
				207F10EE1AB0D999006A8129 /* Main.storyboard */,
				207F10F11AB0D999006A8129 /* Images.xcassets */,
				207F10F31AB0D999006A8129 /* LaunchScreen.xib */,
				207F10E81AB0D999006A8129 /* Supporting Files */,
			);
			path = "Fruit Detector";
			sourceTree = "<group>";
		};
		207F10E81AB0D999006A8129 /* Supporting Files */ = {
			isa = PBXGroup;
			children = (
				20D2959E1AB158BC002B08ED /* ic_stop.png */,
				207F110A1AB0DC63006A8129 /* apple.png */,
				207F110B1AB0DC63006A8129 /* orange.png */,
				207F10E91AB0D999006A8129 /* Info.plist */,
			);
			name = "Supporting Files";
			sourceTree = "<group>";
		};
		207F10FD1AB0D999006A8129 /* Fruit DetectorTests */ = {
			isa = PBXGroup;
			children = (
				207F11001AB0D99A006A8129 /* Fruit_DetectorTests.swift */,
				207F10FE1AB0D999006A8129 /* Supporting Files */,
			);
			path = "Fruit DetectorTests";
			sourceTree = "<group>";
		};
		207F10FE1AB0D999006A8129 /* Supporting Files */ = {
			isa = PBXGroup;
			children = (
				207F10FF1AB0D999006A8129 /* Info.plist */,
			);
			name = "Supporting Files";
			sourceTree = "<group>";
		};
/* End PBXGroup section */

/* Begin PBXNativeTarget section */
		207F10E41AB0D999006A8129 /* Fruit Detector */ = {
			isa = PBXNativeTarget;
			buildConfigurationList = 207F11041AB0D99A006A8129 /* Build configuration list for PBXNativeTarget "Fruit Detector" */;
			buildPhases = (
				207F10E11AB0D999006A8129 /* Sources */,
				207F10E21AB0D999006A8129 /* Frameworks */,
				207F10E31AB0D999006A8129 /* Resources */,
			);
			buildRules = (
			);
			dependencies = (
			);
			name = "Fruit Detector";
			productName = "Fruit Detector";
			productReference = 207F10E51AB0D999006A8129 /* Fruit Detector.app */;
			productType = "com.apple.product-type.application";
		};
		207F10F91AB0D999006A8129 /* Fruit DetectorTests */ = {
			isa = PBXNativeTarget;
			buildConfigurationList = 207F11071AB0D99A006A8129 /* Build configuration list for PBXNativeTarget "Fruit DetectorTests" */;
			buildPhases = (
				207F10F61AB0D999006A8129 /* Sources */,
				207F10F71AB0D999006A8129 /* Frameworks */,
				207F10F81AB0D999006A8129 /* Resources */,
			);
			buildRules = (
			);
			dependencies = (
				207F10FC1AB0D999006A8129 /* PBXTargetDependency */,
			);
			name = "Fruit DetectorTests";
			productName = "Fruit DetectorTests";
			productReference = 207F10FA1AB0D999006A8129 /* Fruit DetectorTests.xctest */;
			productType = "com.apple.product-type.bundle.unit-test";
		};
/* End PBXNativeTarget section */

/* Begin PBXProject section */
		207F10DD1AB0D999006A8129 /* Project object */ = {
			isa = PBXProject;
			attributes = {
				LastUpgradeCheck = 0610;
				ORGANIZATIONNAME = Firebase;
				TargetAttributes = {
					207F10E41AB0D999006A8129 = {
						CreatedOnToolsVersion = 6.1.1;
					};
					207F10F91AB0D999006A8129 = {
						CreatedOnToolsVersion = 6.1.1;
						TestTargetID = 207F10E41AB0D999006A8129;
					};
				};
			};
			buildConfigurationList = 207F10E01AB0D999006A8129 /* Build configuration list for PBXProject "Fruit Detector" */;
			compatibilityVersion = "Xcode 3.2";
			developmentRegion = English;
			hasScannedForEncodings = 0;
			knownRegions = (
				en,
				Base,
			);
			mainGroup = 207F10DC1AB0D999006A8129;
			productRefGroup = 207F10E61AB0D999006A8129 /* Products */;
			projectDirPath = "";
			projectRoot = "";
			targets = (
				207F10E41AB0D999006A8129 /* Fruit Detector */,
				207F10F91AB0D999006A8129 /* Fruit DetectorTests */,
			);
		};
/* End PBXProject section */

/* Begin PBXResourcesBuildPhase section */
		207F10E31AB0D999006A8129 /* Resources */ = {
			isa = PBXResourcesBuildPhase;
			buildActionMask = 2147483647;
			files = (
				207F10F01AB0D999006A8129 /* Main.storyboard in Resources */,
				20D2959F1AB158BC002B08ED /* ic_stop.png in Resources */,
				207F10F51AB0D999006A8129 /* LaunchScreen.xib in Resources */,
				207F110C1AB0DC63006A8129 /* apple.png in Resources */,
				207F110D1AB0DC63006A8129 /* orange.png in Resources */,
				207F10F21AB0D999006A8129 /* Images.xcassets in Resources */,
			);
			runOnlyForDeploymentPostprocessing = 0;
		};
		207F10F81AB0D999006A8129 /* Resources */ = {
			isa = PBXResourcesBuildPhase;
			buildActionMask = 2147483647;
			files = (
			);
			runOnlyForDeploymentPostprocessing = 0;
		};
/* End PBXResourcesBuildPhase section */

/* Begin PBXSourcesBuildPhase section */
		207F10E11AB0D999006A8129 /* Sources */ = {
			isa = PBXSourcesBuildPhase;
			buildActionMask = 2147483647;
			files = (
				207F10ED1AB0D999006A8129 /* ViewController.swift in Sources */,
				207F10EB1AB0D999006A8129 /* AppDelegate.swift in Sources */,
			);
			runOnlyForDeploymentPostprocessing = 0;
		};
		207F10F61AB0D999006A8129 /* Sources */ = {
			isa = PBXSourcesBuildPhase;
			buildActionMask = 2147483647;
			files = (
				207F11011AB0D99A006A8129 /* Fruit_DetectorTests.swift in Sources */,
			);
			runOnlyForDeploymentPostprocessing = 0;
		};
/* End PBXSourcesBuildPhase section */

/* Begin PBXTargetDependency section */
		207F10FC1AB0D999006A8129 /* PBXTargetDependency */ = {
			isa = PBXTargetDependency;
			target = 207F10E41AB0D999006A8129 /* Fruit Detector */;
			targetProxy = 207F10FB1AB0D999006A8129 /* PBXContainerItemProxy */;
		};
/* End PBXTargetDependency section */

/* Begin PBXVariantGroup section */
		207F10EE1AB0D999006A8129 /* Main.storyboard */ = {
			isa = PBXVariantGroup;
			children = (
				207F10EF1AB0D999006A8129 /* Base */,
			);
			name = Main.storyboard;
			sourceTree = "<group>";
		};
		207F10F31AB0D999006A8129 /* LaunchScreen.xib */ = {
			isa = PBXVariantGroup;
			children = (
				207F10F41AB0D999006A8129 /* Base */,
			);
			name = LaunchScreen.xib;
			sourceTree = "<group>";
		};
/* End PBXVariantGroup section */

/* Begin XCBuildConfiguration section */
		207F11021AB0D99A006A8129 /* Debug */ = {
			isa = XCBuildConfiguration;
			buildSettings = {
				ALWAYS_SEARCH_USER_PATHS = NO;
				CLANG_CXX_LANGUAGE_STANDARD = "gnu++0x";
				CLANG_CXX_LIBRARY = "libc++";
				CLANG_ENABLE_MODULES = YES;
				CLANG_ENABLE_OBJC_ARC = YES;
				CLANG_WARN_BOOL_CONVERSION = YES;
				CLANG_WARN_CONSTANT_CONVERSION = YES;
				CLANG_WARN_DIRECT_OBJC_ISA_USAGE = YES_ERROR;
				CLANG_WARN_EMPTY_BODY = YES;
				CLANG_WARN_ENUM_CONVERSION = YES;
				CLANG_WARN_INT_CONVERSION = YES;
				CLANG_WARN_OBJC_ROOT_CLASS = YES_ERROR;
				CLANG_WARN_UNREACHABLE_CODE = YES;
				CLANG_WARN__DUPLICATE_METHOD_MATCH = YES;
				"CODE_SIGN_IDENTITY[sdk=iphoneos*]" = "iPhone Developer";
				COPY_PHASE_STRIP = NO;
				ENABLE_STRICT_OBJC_MSGSEND = YES;
				GCC_C_LANGUAGE_STANDARD = gnu99;
				GCC_DYNAMIC_NO_PIC = NO;
				GCC_OPTIMIZATION_LEVEL = 0;
				GCC_PREPROCESSOR_DEFINITIONS = (
					"DEBUG=1",
					"$(inherited)",
				);
				GCC_SYMBOLS_PRIVATE_EXTERN = NO;
				GCC_WARN_64_TO_32_BIT_CONVERSION = YES;
				GCC_WARN_ABOUT_RETURN_TYPE = YES_ERROR;
				GCC_WARN_UNDECLARED_SELECTOR = YES;
				GCC_WARN_UNINITIALIZED_AUTOS = YES_AGGRESSIVE;
				GCC_WARN_UNUSED_FUNCTION = YES;
				GCC_WARN_UNUSED_VARIABLE = YES;
				IPHONEOS_DEPLOYMENT_TARGET = 8.1;
				MTL_ENABLE_DEBUG_INFO = YES;
				ONLY_ACTIVE_ARCH = YES;
				SDKROOT = iphoneos;
				SWIFT_OPTIMIZATION_LEVEL = "-Onone";
				TARGETED_DEVICE_FAMILY = "1,2";
			};
			name = Debug;
		};
		207F11031AB0D99A006A8129 /* Release */ = {
			isa = XCBuildConfiguration;
			buildSettings = {
				ALWAYS_SEARCH_USER_PATHS = NO;
				CLANG_CXX_LANGUAGE_STANDARD = "gnu++0x";
				CLANG_CXX_LIBRARY = "libc++";
				CLANG_ENABLE_MODULES = YES;
				CLANG_ENABLE_OBJC_ARC = YES;
				CLANG_WARN_BOOL_CONVERSION = YES;
				CLANG_WARN_CONSTANT_CONVERSION = YES;
				CLANG_WARN_DIRECT_OBJC_ISA_USAGE = YES_ERROR;
				CLANG_WARN_EMPTY_BODY = YES;
				CLANG_WARN_ENUM_CONVERSION = YES;
				CLANG_WARN_INT_CONVERSION = YES;
				CLANG_WARN_OBJC_ROOT_CLASS = YES_ERROR;
				CLANG_WARN_UNREACHABLE_CODE = YES;
				CLANG_WARN__DUPLICATE_METHOD_MATCH = YES;
				"CODE_SIGN_IDENTITY[sdk=iphoneos*]" = "iPhone Developer";
				COPY_PHASE_STRIP = YES;
				ENABLE_NS_ASSERTIONS = NO;
				ENABLE_STRICT_OBJC_MSGSEND = YES;
				GCC_C_LANGUAGE_STANDARD = gnu99;
				GCC_WARN_64_TO_32_BIT_CONVERSION = YES;
				GCC_WARN_ABOUT_RETURN_TYPE = YES_ERROR;
				GCC_WARN_UNDECLARED_SELECTOR = YES;
				GCC_WARN_UNINITIALIZED_AUTOS = YES_AGGRESSIVE;
				GCC_WARN_UNUSED_FUNCTION = YES;
				GCC_WARN_UNUSED_VARIABLE = YES;
				IPHONEOS_DEPLOYMENT_TARGET = 8.1;
				MTL_ENABLE_DEBUG_INFO = NO;
				SDKROOT = iphoneos;
				TARGETED_DEVICE_FAMILY = "1,2";
				VALIDATE_PRODUCT = YES;
			};
			name = Release;
		};
		207F11051AB0D99A006A8129 /* Debug */ = {
			isa = XCBuildConfiguration;
			buildSettings = {
				ASSETCATALOG_COMPILER_APPICON_NAME = AppIcon;
				CLANG_ENABLE_MODULES = YES;
				FRAMEWORK_SEARCH_PATHS = (
					"$(inherited)",
					/Users/mimming/Downloads,
				);
				INFOPLIST_FILE = "Fruit Detector/Info.plist";
				LD_RUNPATH_SEARCH_PATHS = "$(inherited) @executable_path/Frameworks";
				OTHER_LDFLAGS = "-ObjC";
				PRODUCT_NAME = "$(TARGET_NAME)";
				SWIFT_OBJC_BRIDGING_HEADER = "Fruit Detector-Bridging-Header.h";
				SWIFT_OPTIMIZATION_LEVEL = "-Onone";
			};
			name = Debug;
		};
		207F11061AB0D99A006A8129 /* Release */ = {
			isa = XCBuildConfiguration;
			buildSettings = {
				ASSETCATALOG_COMPILER_APPICON_NAME = AppIcon;
				CLANG_ENABLE_MODULES = YES;
				FRAMEWORK_SEARCH_PATHS = (
					"$(inherited)",
					/Users/mimming/Downloads,
				);
				INFOPLIST_FILE = "Fruit Detector/Info.plist";
				LD_RUNPATH_SEARCH_PATHS = "$(inherited) @executable_path/Frameworks";
				OTHER_LDFLAGS = "-ObjC";
				PRODUCT_NAME = "$(TARGET_NAME)";
				SWIFT_OBJC_BRIDGING_HEADER = "Fruit Detector-Bridging-Header.h";
			};
			name = Release;
		};
		207F11081AB0D99A006A8129 /* Debug */ = {
			isa = XCBuildConfiguration;
			buildSettings = {
				BUNDLE_LOADER = "$(TEST_HOST)";
				FRAMEWORK_SEARCH_PATHS = (
					"$(SDKROOT)/Developer/Library/Frameworks",
					"$(inherited)",
				);
				GCC_PREPROCESSOR_DEFINITIONS = (
					"DEBUG=1",
					"$(inherited)",
				);
				INFOPLIST_FILE = "Fruit DetectorTests/Info.plist";
				LD_RUNPATH_SEARCH_PATHS = "$(inherited) @executable_path/Frameworks @loader_path/Frameworks";
				PRODUCT_NAME = "$(TARGET_NAME)";
				TEST_HOST = "$(BUILT_PRODUCTS_DIR)/Fruit Detector.app/Fruit Detector";
			};
			name = Debug;
		};
		207F11091AB0D99A006A8129 /* Release */ = {
			isa = XCBuildConfiguration;
			buildSettings = {
				BUNDLE_LOADER = "$(TEST_HOST)";
				FRAMEWORK_SEARCH_PATHS = (
					"$(SDKROOT)/Developer/Library/Frameworks",
					"$(inherited)",
				);
				INFOPLIST_FILE = "Fruit DetectorTests/Info.plist";
				LD_RUNPATH_SEARCH_PATHS = "$(inherited) @executable_path/Frameworks @loader_path/Frameworks";
				PRODUCT_NAME = "$(TARGET_NAME)";
				TEST_HOST = "$(BUILT_PRODUCTS_DIR)/Fruit Detector.app/Fruit Detector";
			};
			name = Release;
		};
/* End XCBuildConfiguration section */

/* Begin XCConfigurationList section */
		207F10E01AB0D999006A8129 /* Build configuration list for PBXProject "Fruit Detector" */ = {
			isa = XCConfigurationList;
			buildConfigurations = (
				207F11021AB0D99A006A8129 /* Debug */,
				207F11031AB0D99A006A8129 /* Release */,
			);
			defaultConfigurationIsVisible = 0;
			defaultConfigurationName = Release;
		};
		207F11041AB0D99A006A8129 /* Build configuration list for PBXNativeTarget "Fruit Detector" */ = {
			isa = XCConfigurationList;
			buildConfigurations = (
				207F11051AB0D99A006A8129 /* Debug */,
				207F11061AB0D99A006A8129 /* Release */,
			);
			defaultConfigurationIsVisible = 0;
			defaultConfigurationName = Release;
		};
		207F11071AB0D99A006A8129 /* Build configuration list for PBXNativeTarget "Fruit DetectorTests" */ = {
			isa = XCConfigurationList;
			buildConfigurations = (
				207F11081AB0D99A006A8129 /* Debug */,
				207F11091AB0D99A006A8129 /* Release */,
			);
			defaultConfigurationIsVisible = 0;
			defaultConfigurationName = Release;
		};
/* End XCConfigurationList section */
	};
	rootObject = 207F10DD1AB0D999006A8129 /* Project object */;
}
